
Microsoft Visual Studio Solution File, Format Version 12.00
# Visual Studio Version 16
VisualStudioVersion = 16.0.31624.102
MinimumVisualStudioVersion = 10.0.40219.1
Project("{8BC9CEB8-8B4A-11D0-8D11-00A0C91BC942}") = "TEngineCore", "TEngineCore\TEngineCore.vcxproj", "{E7D31CFF-678C-44D1-927F-CFB44609E8C9}"
EndProject
Project("{8BC9CEB8-8B4A-11D0-8D11-00A0C91BC942}") = "CreateDevice", "CreateDevice\CreateDevice.vcxproj", "{2F69596A-15BB-4FF3-AC93-453E7B9272D7}"
EndProject
Project("{8BC9CEB8-8B4A-11D0-8D11-00A0C91BC942}") = "CreateInput", "CreateInput\CreateInput.vcxproj", "{32767C17-664B-4A42-AD03-D7F393CFCDDC}"
EndProject
Project("{8BC9CEB8-8B4A-11D0-8D11-00A0C91BC942}") = "CreateTimer", "CreateTimer\CreateTimer.vcxproj", "{9461C89F-228B-4DE2-8436-F8D7386184E2}"
EndProject
Project("{8BC9CEB8-8B4A-11D0-8D11-00A0C91BC942}") = "SampleLib", "SampleLib\SampleLib.vcxproj", "{DAF8B6A1-7858-4FB1-8BF3-0DA2EE0C7ADE}"
EndProject
Project("{8BC9CEB8-8B4A-11D0-8D11-00A0C91BC942}") = "CreateWrite", "CreateWrite\CreateWrite.vcxproj", "{338B2D78-FCD1-4F4F-824E-DBCD73BA9839}"
EndProject
Project("{8BC9CEB8-8B4A-11D0-8D11-00A0C91BC942}") = "testProject", "testProject\testProject.vcxproj", "{B8572296-9A5B-498A-B64D-72B91DB710FE}"
EndProject
Project("{2150E333-8FDC-42A3-9474-1A3956D46DE8}") = "Solution Items", "Solution Items", "{B099359F-2FFB-4F73-ACA6-16F869450064}"
	ProjectSection(SolutionItems) = preProject
		.editorconfig = .editorconfig
	EndProjectSection
EndProject
Project("{8BC9CEB8-8B4A-11D0-8D11-00A0C91BC942}") = "JCreateWindow", "JCreateWindow\JCreateWindow.vcxproj", "{0363C4CD-5B26-42BA-AA11-17A16E92C44A}"
EndProject
Project("{8BC9CEB8-8B4A-11D0-8D11-00A0C91BC942}") = "testSample", "testSample\testSample.vcxproj", "{0EB74ABA-B11B-4AD6-AB24-ACDFB5FDE810}"
EndProject
Project("{8BC9CEB8-8B4A-11D0-8D11-00A0C91BC942}") = "JCreateDevice", "JCreateDevice\JCreateDevice.vcxproj", "{857EA431-FC60-43C4-9742-465EECB611B3}"
EndProject
Project("{8BC9CEB8-8B4A-11D0-8D11-00A0C91BC942}") = "JCreateInput", "JCreateInput\JCreateInput.vcxproj", "{F6EFC453-9864-45C4-AF43-317FD2E74D31}"
EndProject
Project("{8BC9CEB8-8B4A-11D0-8D11-00A0C91BC942}") = "JCreateTimer", "JCreateTimer\JCreateTimer.vcxproj", "{72E28593-ECF0-4365-9816-35390EE7096B}"
EndProject
Project("{8BC9CEB8-8B4A-11D0-8D11-00A0C91BC942}") = "JCreateWrite", "JCreateWrite\JCreateWrite.vcxproj", "{54FD480A-4B76-4DF0-B878-AA0E05333D84}"
EndProject
Project("{8BC9CEB8-8B4A-11D0-8D11-00A0C91BC942}") = "JEngineCore", "JEngineCore\JEngineCore.vcxproj", "{C1952A55-D912-4ECC-9D93-7A56F8A027C3}"
EndProject
Project("{8BC9CEB8-8B4A-11D0-8D11-00A0C91BC942}") = "JSampleLib", "JSampleLib\JSampleLib.vcxproj", "{C6175745-BA45-469F-B682-E531CDCE709B}"
EndProject
Project("{8BC9CEB8-8B4A-11D0-8D11-00A0C91BC942}") = "JSampleLib_test", "JSampleLib_test\JSampleLib_test.vcxproj", "{94CF7BB4-FF2A-4E4B-955C-E8CA215015F6}"
EndProject
Project("{8BC9CEB8-8B4A-11D0-8D11-00A0C91BC942}") = "VertexTransform", "VertexTransform\VertexTransform.vcxproj", "{317A4094-0AF8-47C9-932E-92635CB3DA0D}"
EndProject
Project("{8BC9CEB8-8B4A-11D0-8D11-00A0C91BC942}") = "VertexBuffer1", "VertexBuffer1\VertexBuffer1.vcxproj", "{81EC582B-4745-4539-B9A7-64AF429BD27F}"
EndProject
Project("{2150E333-8FDC-42A3-9474-1A3956D46DE8}") = "old_WP", "old_WP", "{08E7F1F6-BEBB-4F99-9F9B-19173C10EA8A}"
EndProject
Project("{2150E333-8FDC-42A3-9474-1A3956D46DE8}") = "JWP", "JWP", "{591ED3A5-18FF-4A88-82A3-6F06A11177E0}"
EndProject
Project("{2150E333-8FDC-42A3-9474-1A3956D46DE8}") = "etc", "etc", "{0FBAEAF8-70E9-4841-B7AA-F19867B03FA9}"
EndProject
Project("{8BC9CEB8-8B4A-11D0-8D11-00A0C91BC942}") = "1SampleMap_NOT_USE", "SampleMap\SampleMap.vcxproj", "{0F4BAC41-0F6D-4AC2-AB16-ED904EAD9326}"
EndProject
Project("{2150E333-8FDC-42A3-9474-1A3956D46DE8}") = "EngineCore", "EngineCore", "{A3B7B146-B9A5-4B43-9A61-6A1DF76AD943}"
EndProject
Project("{8BC9CEB8-8B4A-11D0-8D11-00A0C91BC942}") = "JSampleMap_old", "JSampleMap\JSampleMap.vcxproj", "{15F811D5-C634-42E4-83CD-FD1C25FABAF6}"
EndProject
Project("{8BC9CEB8-8B4A-11D0-8D11-00A0C91BC942}") = "JSampleTest", "JSampleTest\JSampleTest.vcxproj", "{15F6ECA9-EBB1-46A8-B3B3-118C7344DB94}"
EndProject
Project("{8BC9CEB8-8B4A-11D0-8D11-00A0C91BC942}") = "JSampleCamera", "JSampleCamera\JSampleCamera.vcxproj", "{235DEE95-A074-46F0-90C0-B5EBA66163C5}"
EndProject
Project("{8BC9CEB8-8B4A-11D0-8D11-00A0C91BC942}") = "JSampleMaps", "JSampleMaps\JSampleMaps.vcxproj", "{F0A628B8-2C9E-4B38-AE67-52A65B293E24}"
EndProject
Project("{8BC9CEB8-8B4A-11D0-8D11-00A0C91BC942}") = "JSampleQuadTree", "JSampleQuadTree\JSampleQuadTree.vcxproj", "{CAEADE43-EE6A-46EB-8356-5D61EA3B4FF4}"
EndProject
Project("{8BC9CEB8-8B4A-11D0-8D11-00A0C91BC942}") = "VertexBufferTrasTEST", "VertexBufferTrasTEST\VertexBufferTrasTEST.vcxproj", "{F8F03D60-9B58-44D2-88C7-9AA54B7EDDCB}"
EndProject
Project("{8BC9CEB8-8B4A-11D0-8D11-00A0C91BC942}") = "JSampleStaticLOD", "JSampleStaticLOD\JSampleStaticLOD.vcxproj", "{8FBB53AD-92BE-4A50-871D-8531C748AFC3}"
EndProject
Project("{2150E333-8FDC-42A3-9474-1A3956D46DE8}") = "Graphic", "Graphic", "{553F9DA1-FBC2-40E4-83D0-A0F8D82166F1}"
EndProject
Project("{8BC9CEB8-8B4A-11D0-8D11-00A0C91BC942}") = "LoadTexture", "LoadTexture\LoadTexture.vcxproj", "{48BB898E-31C5-4FD6-AAD3-516AB158606D}"
EndProject
Project("{2150E333-8FDC-42A3-9474-1A3956D46DE8}") = "JSample", "JSample", "{F20FF850-2885-44C8-87FB-B4CF046E8B3E}"
EndProject
Project("{2150E333-8FDC-42A3-9474-1A3956D46DE8}") = "JSample_FBX", "JSample_FBX", "{2D1E4299-9660-4076-BB0F-0184F1219E62}"
EndProject
Project("{8BC9CEB8-8B4A-11D0-8D11-00A0C91BC942}") = "JEngineCore1", "JEngineCore1\JEngineCore1.vcxproj", "{FC5896C6-A996-4991-BC5F-BB0C6A2EE621}"
EndProject
Project("{8BC9CEB8-8B4A-11D0-8D11-00A0C91BC942}") = "JSampleStaticLOD_repair", "JSampleStaticLOD_repair\JSampleStaticLOD_repair.vcxproj", "{4780E6E7-AE31-4FBB-841A-02686890CF36}"
EndProject
Project("{8BC9CEB8-8B4A-11D0-8D11-00A0C91BC942}") = "Sample_FBX", "Sample_FBX\Sample_FBX.vcxproj", "{2F8AC2D5-EBA3-4178-A787-28E205DBACE1}"
EndProject
Project("{8BC9CEB8-8B4A-11D0-8D11-00A0C91BC942}") = "Sample_FBX_M", "Sample_FBX_M\Sample_FBX_M.vcxproj", "{DEA928A1-DF39-4991-8D68-0302C1E00E1F}"
EndProject
Project("{8BC9CEB8-8B4A-11D0-8D11-00A0C91BC942}") = "Sample_FBX_Mesh", "Sample_FBX_Mesh\Sample_FBX_Mesh.vcxproj", "{16C780F9-1C45-4712-8732-FE5EA1136874}"
EndProject
Project("{8BC9CEB8-8B4A-11D0-8D11-00A0C91BC942}") = "Sample_FBX_Mesh_depth", "Sample_FBX_Mesh_depth\Sample_FBX_Mesh_depth.vcxproj", "{B5FB69B0-316D-4E3A-B18C-8D8751E83137}"
EndProject
Project("{8BC9CEB8-8B4A-11D0-8D11-00A0C91BC942}") = "Sample_FBX_NOT_USE", "Sample_FBX_1021\Sample_FBX_1021.vcxproj", "{E34E89D3-1644-41FF-97B6-6A13DA659808}"
EndProject
Project("{8BC9CEB8-8B4A-11D0-8D11-00A0C91BC942}") = "NOT_USE_Sample_FBX_Mesh_Depth_2", "Sample_FBX_Mesh_Depth_2\Sample_FBX_Mesh_Depth_2.vcxproj", "{88CBE516-C16A-4881-9DFA-572766D160EC}"
EndProject
Project("{8BC9CEB8-8B4A-11D0-8D11-00A0C91BC942}") = "Sample_FBX_Animation", "Sample_FBX_Animation\Sample_FBX_Animation.vcxproj", "{3AF024F9-C1CA-4AA1-968D-9714BD1DF596}"
EndProject
Project("{8BC9CEB8-8B4A-11D0-8D11-00A0C91BC942}") = "NOT_USEJSampleStaticLOD_TEST", "JSampleStaticLOD_TEST\JSampleStaticLOD_TEST.vcxproj", "{13B54081-FE4C-47A6-A47C-F74ACAFD353E}"
EndProject
Project("{8BC9CEB8-8B4A-11D0-8D11-00A0C91BC942}") = "JSampleStaticLOD_repair_texture", "JSampleStaticLOD_repair_texture\JSampleStaticLOD_repair_texture.vcxproj", "{C497D788-C863-47EA-A2C8-53CBDC97A174}"
EndProject
Project("{8BC9CEB8-8B4A-11D0-8D11-00A0C91BC942}") = "Sample_FBX_OLD_Animation", "Sample_FBX_OLD_Animation\Sample_FBX_OLD_Animation.vcxproj", "{ACF41FF8-5B3A-40D2-8059-2EB50F19B83B}"
EndProject
Project("{8BC9CEB8-8B4A-11D0-8D11-00A0C91BC942}") = "Sample_FBX_Animation_Shadow", "Sample_FBX_Animation_Shadow\Sample_FBX_Animation_Shadow.vcxproj", "{0C8DEA03-A7DA-463F-89E9-2866F775BA9F}"
EndProject
Project("{8BC9CEB8-8B4A-11D0-8D11-00A0C91BC942}") = "Sample_FBX_Animation_Shadow_Refact", "Sample_FBX_Animation_Shadow_Refact\Sample_FBX_Animation_Shadow_Refact.vcxproj", "{8BE0F9FC-C6A6-47BA-A5ED-12DDDAB66E6B}"
EndProject
Project("{8BC9CEB8-8B4A-11D0-8D11-00A0C91BC942}") = "Sample_FBX_Loader_Shadow", "Sample_FBX_Loader_Shadow\Sample_FBX_Loader_Shadow.vcxproj", "{DFFE1DCB-CD0A-44E1-9127-DD4EBD74C4C7}"
EndProject
Global
	GlobalSection(SolutionConfigurationPlatforms) = preSolution
		Debug|x64 = Debug|x64
		Debug|x86 = Debug|x86
		Release|x64 = Release|x64
		Release|x86 = Release|x86
	EndGlobalSection
	GlobalSection(ProjectConfigurationPlatforms) = postSolution
		{E7D31CFF-678C-44D1-927F-CFB44609E8C9}.Debug|x64.ActiveCfg = Debug|x64
		{E7D31CFF-678C-44D1-927F-CFB44609E8C9}.Debug|x64.Build.0 = Debug|x64
		{E7D31CFF-678C-44D1-927F-CFB44609E8C9}.Debug|x86.ActiveCfg = Debug|Win32
		{E7D31CFF-678C-44D1-927F-CFB44609E8C9}.Debug|x86.Build.0 = Debug|Win32
		{E7D31CFF-678C-44D1-927F-CFB44609E8C9}.Release|x64.ActiveCfg = Release|x64
		{E7D31CFF-678C-44D1-927F-CFB44609E8C9}.Release|x64.Build.0 = Release|x64
		{E7D31CFF-678C-44D1-927F-CFB44609E8C9}.Release|x86.ActiveCfg = Release|Win32
		{E7D31CFF-678C-44D1-927F-CFB44609E8C9}.Release|x86.Build.0 = Release|Win32
		{2F69596A-15BB-4FF3-AC93-453E7B9272D7}.Debug|x64.ActiveCfg = Debug|x64
		{2F69596A-15BB-4FF3-AC93-453E7B9272D7}.Debug|x64.Build.0 = Debug|x64
		{2F69596A-15BB-4FF3-AC93-453E7B9272D7}.Debug|x86.ActiveCfg = Debug|Win32
		{2F69596A-15BB-4FF3-AC93-453E7B9272D7}.Debug|x86.Build.0 = Debug|Win32
		{2F69596A-15BB-4FF3-AC93-453E7B9272D7}.Release|x64.ActiveCfg = Release|x64
		{2F69596A-15BB-4FF3-AC93-453E7B9272D7}.Release|x64.Build.0 = Release|x64
		{2F69596A-15BB-4FF3-AC93-453E7B9272D7}.Release|x86.ActiveCfg = Release|Win32
		{2F69596A-15BB-4FF3-AC93-453E7B9272D7}.Release|x86.Build.0 = Release|Win32
		{32767C17-664B-4A42-AD03-D7F393CFCDDC}.Debug|x64.ActiveCfg = Debug|x64
		{32767C17-664B-4A42-AD03-D7F393CFCDDC}.Debug|x64.Build.0 = Debug|x64
		{32767C17-664B-4A42-AD03-D7F393CFCDDC}.Debug|x86.ActiveCfg = Debug|Win32
		{32767C17-664B-4A42-AD03-D7F393CFCDDC}.Debug|x86.Build.0 = Debug|Win32
		{32767C17-664B-4A42-AD03-D7F393CFCDDC}.Release|x64.ActiveCfg = Release|x64
		{32767C17-664B-4A42-AD03-D7F393CFCDDC}.Release|x64.Build.0 = Release|x64
		{32767C17-664B-4A42-AD03-D7F393CFCDDC}.Release|x86.ActiveCfg = Release|Win32
		{32767C17-664B-4A42-AD03-D7F393CFCDDC}.Release|x86.Build.0 = Release|Win32
		{9461C89F-228B-4DE2-8436-F8D7386184E2}.Debug|x64.ActiveCfg = Debug|x64
		{9461C89F-228B-4DE2-8436-F8D7386184E2}.Debug|x64.Build.0 = Debug|x64
		{9461C89F-228B-4DE2-8436-F8D7386184E2}.Debug|x86.ActiveCfg = Debug|Win32
		{9461C89F-228B-4DE2-8436-F8D7386184E2}.Debug|x86.Build.0 = Debug|Win32
		{9461C89F-228B-4DE2-8436-F8D7386184E2}.Release|x64.ActiveCfg = Release|x64
		{9461C89F-228B-4DE2-8436-F8D7386184E2}.Release|x64.Build.0 = Release|x64
		{9461C89F-228B-4DE2-8436-F8D7386184E2}.Release|x86.ActiveCfg = Release|Win32
		{9461C89F-228B-4DE2-8436-F8D7386184E2}.Release|x86.Build.0 = Release|Win32
		{DAF8B6A1-7858-4FB1-8BF3-0DA2EE0C7ADE}.Debug|x64.ActiveCfg = Debug|x64
		{DAF8B6A1-7858-4FB1-8BF3-0DA2EE0C7ADE}.Debug|x64.Build.0 = Debug|x64
		{DAF8B6A1-7858-4FB1-8BF3-0DA2EE0C7ADE}.Debug|x86.ActiveCfg = Debug|Win32
		{DAF8B6A1-7858-4FB1-8BF3-0DA2EE0C7ADE}.Debug|x86.Build.0 = Debug|Win32
		{DAF8B6A1-7858-4FB1-8BF3-0DA2EE0C7ADE}.Release|x64.ActiveCfg = Release|x64
		{DAF8B6A1-7858-4FB1-8BF3-0DA2EE0C7ADE}.Release|x64.Build.0 = Release|x64
		{DAF8B6A1-7858-4FB1-8BF3-0DA2EE0C7ADE}.Release|x86.ActiveCfg = Release|Win32
		{DAF8B6A1-7858-4FB1-8BF3-0DA2EE0C7ADE}.Release|x86.Build.0 = Release|Win32
		{338B2D78-FCD1-4F4F-824E-DBCD73BA9839}.Debug|x64.ActiveCfg = Debug|x64
		{338B2D78-FCD1-4F4F-824E-DBCD73BA9839}.Debug|x64.Build.0 = Debug|x64
		{338B2D78-FCD1-4F4F-824E-DBCD73BA9839}.Debug|x86.ActiveCfg = Debug|Win32
		{338B2D78-FCD1-4F4F-824E-DBCD73BA9839}.Debug|x86.Build.0 = Debug|Win32
		{338B2D78-FCD1-4F4F-824E-DBCD73BA9839}.Release|x64.ActiveCfg = Release|x64
		{338B2D78-FCD1-4F4F-824E-DBCD73BA9839}.Release|x64.Build.0 = Release|x64
		{338B2D78-FCD1-4F4F-824E-DBCD73BA9839}.Release|x86.ActiveCfg = Release|Win32
		{338B2D78-FCD1-4F4F-824E-DBCD73BA9839}.Release|x86.Build.0 = Release|Win32
		{B8572296-9A5B-498A-B64D-72B91DB710FE}.Debug|x64.ActiveCfg = Debug|x64
		{B8572296-9A5B-498A-B64D-72B91DB710FE}.Debug|x64.Build.0 = Debug|x64
		{B8572296-9A5B-498A-B64D-72B91DB710FE}.Debug|x86.ActiveCfg = Debug|Win32
		{B8572296-9A5B-498A-B64D-72B91DB710FE}.Debug|x86.Build.0 = Debug|Win32
		{B8572296-9A5B-498A-B64D-72B91DB710FE}.Release|x64.ActiveCfg = Release|x64
		{B8572296-9A5B-498A-B64D-72B91DB710FE}.Release|x64.Build.0 = Release|x64
		{B8572296-9A5B-498A-B64D-72B91DB710FE}.Release|x86.ActiveCfg = Release|Win32
		{B8572296-9A5B-498A-B64D-72B91DB710FE}.Release|x86.Build.0 = Release|Win32
		{0363C4CD-5B26-42BA-AA11-17A16E92C44A}.Debug|x64.ActiveCfg = Debug|x64
		{0363C4CD-5B26-42BA-AA11-17A16E92C44A}.Debug|x64.Build.0 = Debug|x64
		{0363C4CD-5B26-42BA-AA11-17A16E92C44A}.Debug|x86.ActiveCfg = Debug|Win32
		{0363C4CD-5B26-42BA-AA11-17A16E92C44A}.Debug|x86.Build.0 = Debug|Win32
		{0363C4CD-5B26-42BA-AA11-17A16E92C44A}.Release|x64.ActiveCfg = Release|x64
		{0363C4CD-5B26-42BA-AA11-17A16E92C44A}.Release|x64.Build.0 = Release|x64
		{0363C4CD-5B26-42BA-AA11-17A16E92C44A}.Release|x86.ActiveCfg = Release|Win32
		{0363C4CD-5B26-42BA-AA11-17A16E92C44A}.Release|x86.Build.0 = Release|Win32
		{0EB74ABA-B11B-4AD6-AB24-ACDFB5FDE810}.Debug|x64.ActiveCfg = Debug|x64
		{0EB74ABA-B11B-4AD6-AB24-ACDFB5FDE810}.Debug|x64.Build.0 = Debug|x64
		{0EB74ABA-B11B-4AD6-AB24-ACDFB5FDE810}.Debug|x86.ActiveCfg = Debug|Win32
		{0EB74ABA-B11B-4AD6-AB24-ACDFB5FDE810}.Debug|x86.Build.0 = Debug|Win32
		{0EB74ABA-B11B-4AD6-AB24-ACDFB5FDE810}.Release|x64.ActiveCfg = Release|x64
		{0EB74ABA-B11B-4AD6-AB24-ACDFB5FDE810}.Release|x64.Build.0 = Release|x64
		{0EB74ABA-B11B-4AD6-AB24-ACDFB5FDE810}.Release|x86.ActiveCfg = Release|Win32
		{0EB74ABA-B11B-4AD6-AB24-ACDFB5FDE810}.Release|x86.Build.0 = Release|Win32
		{857EA431-FC60-43C4-9742-465EECB611B3}.Debug|x64.ActiveCfg = Debug|x64
		{857EA431-FC60-43C4-9742-465EECB611B3}.Debug|x64.Build.0 = Debug|x64
		{857EA431-FC60-43C4-9742-465EECB611B3}.Debug|x86.ActiveCfg = Debug|Win32
		{857EA431-FC60-43C4-9742-465EECB611B3}.Debug|x86.Build.0 = Debug|Win32
		{857EA431-FC60-43C4-9742-465EECB611B3}.Release|x64.ActiveCfg = Release|x64
		{857EA431-FC60-43C4-9742-465EECB611B3}.Release|x64.Build.0 = Release|x64
		{857EA431-FC60-43C4-9742-465EECB611B3}.Release|x86.ActiveCfg = Release|Win32
		{857EA431-FC60-43C4-9742-465EECB611B3}.Release|x86.Build.0 = Release|Win32
		{F6EFC453-9864-45C4-AF43-317FD2E74D31}.Debug|x64.ActiveCfg = Debug|x64
		{F6EFC453-9864-45C4-AF43-317FD2E74D31}.Debug|x64.Build.0 = Debug|x64
		{F6EFC453-9864-45C4-AF43-317FD2E74D31}.Debug|x86.ActiveCfg = Debug|Win32
		{F6EFC453-9864-45C4-AF43-317FD2E74D31}.Debug|x86.Build.0 = Debug|Win32
		{F6EFC453-9864-45C4-AF43-317FD2E74D31}.Release|x64.ActiveCfg = Release|x64
		{F6EFC453-9864-45C4-AF43-317FD2E74D31}.Release|x64.Build.0 = Release|x64
		{F6EFC453-9864-45C4-AF43-317FD2E74D31}.Release|x86.ActiveCfg = Release|Win32
		{F6EFC453-9864-45C4-AF43-317FD2E74D31}.Release|x86.Build.0 = Release|Win32
		{72E28593-ECF0-4365-9816-35390EE7096B}.Debug|x64.ActiveCfg = Debug|x64
		{72E28593-ECF0-4365-9816-35390EE7096B}.Debug|x64.Build.0 = Debug|x64
		{72E28593-ECF0-4365-9816-35390EE7096B}.Debug|x86.ActiveCfg = Debug|Win32
		{72E28593-ECF0-4365-9816-35390EE7096B}.Debug|x86.Build.0 = Debug|Win32
		{72E28593-ECF0-4365-9816-35390EE7096B}.Release|x64.ActiveCfg = Release|x64
		{72E28593-ECF0-4365-9816-35390EE7096B}.Release|x64.Build.0 = Release|x64
		{72E28593-ECF0-4365-9816-35390EE7096B}.Release|x86.ActiveCfg = Release|Win32
		{72E28593-ECF0-4365-9816-35390EE7096B}.Release|x86.Build.0 = Release|Win32
		{54FD480A-4B76-4DF0-B878-AA0E05333D84}.Debug|x64.ActiveCfg = Debug|x64
		{54FD480A-4B76-4DF0-B878-AA0E05333D84}.Debug|x64.Build.0 = Debug|x64
		{54FD480A-4B76-4DF0-B878-AA0E05333D84}.Debug|x86.ActiveCfg = Debug|Win32
		{54FD480A-4B76-4DF0-B878-AA0E05333D84}.Debug|x86.Build.0 = Debug|Win32
		{54FD480A-4B76-4DF0-B878-AA0E05333D84}.Release|x64.ActiveCfg = Release|x64
		{54FD480A-4B76-4DF0-B878-AA0E05333D84}.Release|x64.Build.0 = Release|x64
		{54FD480A-4B76-4DF0-B878-AA0E05333D84}.Release|x86.ActiveCfg = Release|Win32
		{54FD480A-4B76-4DF0-B878-AA0E05333D84}.Release|x86.Build.0 = Release|Win32
		{C1952A55-D912-4ECC-9D93-7A56F8A027C3}.Debug|x64.ActiveCfg = Debug|x64
		{C1952A55-D912-4ECC-9D93-7A56F8A027C3}.Debug|x64.Build.0 = Debug|x64
		{C1952A55-D912-4ECC-9D93-7A56F8A027C3}.Debug|x86.ActiveCfg = Debug|Win32
		{C1952A55-D912-4ECC-9D93-7A56F8A027C3}.Debug|x86.Build.0 = Debug|Win32
		{C1952A55-D912-4ECC-9D93-7A56F8A027C3}.Release|x64.ActiveCfg = Release|x64
		{C1952A55-D912-4ECC-9D93-7A56F8A027C3}.Release|x64.Build.0 = Release|x64
		{C1952A55-D912-4ECC-9D93-7A56F8A027C3}.Release|x86.ActiveCfg = Release|Win32
		{C1952A55-D912-4ECC-9D93-7A56F8A027C3}.Release|x86.Build.0 = Release|Win32
		{C6175745-BA45-469F-B682-E531CDCE709B}.Debug|x64.ActiveCfg = Debug|x64
		{C6175745-BA45-469F-B682-E531CDCE709B}.Debug|x64.Build.0 = Debug|x64
		{C6175745-BA45-469F-B682-E531CDCE709B}.Debug|x86.ActiveCfg = Debug|Win32
		{C6175745-BA45-469F-B682-E531CDCE709B}.Debug|x86.Build.0 = Debug|Win32
		{C6175745-BA45-469F-B682-E531CDCE709B}.Release|x64.ActiveCfg = Release|x64
		{C6175745-BA45-469F-B682-E531CDCE709B}.Release|x64.Build.0 = Release|x64
		{C6175745-BA45-469F-B682-E531CDCE709B}.Release|x86.ActiveCfg = Release|Win32
		{C6175745-BA45-469F-B682-E531CDCE709B}.Release|x86.Build.0 = Release|Win32
		{94CF7BB4-FF2A-4E4B-955C-E8CA215015F6}.Debug|x64.ActiveCfg = Debug|x64
		{94CF7BB4-FF2A-4E4B-955C-E8CA215015F6}.Debug|x64.Build.0 = Debug|x64
		{94CF7BB4-FF2A-4E4B-955C-E8CA215015F6}.Debug|x86.ActiveCfg = Debug|Win32
		{94CF7BB4-FF2A-4E4B-955C-E8CA215015F6}.Debug|x86.Build.0 = Debug|Win32
		{94CF7BB4-FF2A-4E4B-955C-E8CA215015F6}.Release|x64.ActiveCfg = Release|x64
		{94CF7BB4-FF2A-4E4B-955C-E8CA215015F6}.Release|x64.Build.0 = Release|x64
		{94CF7BB4-FF2A-4E4B-955C-E8CA215015F6}.Release|x86.ActiveCfg = Release|Win32
		{94CF7BB4-FF2A-4E4B-955C-E8CA215015F6}.Release|x86.Build.0 = Release|Win32
		{317A4094-0AF8-47C9-932E-92635CB3DA0D}.Debug|x64.ActiveCfg = Debug|x64
		{317A4094-0AF8-47C9-932E-92635CB3DA0D}.Debug|x64.Build.0 = Debug|x64
		{317A4094-0AF8-47C9-932E-92635CB3DA0D}.Debug|x86.ActiveCfg = Debug|Win32
		{317A4094-0AF8-47C9-932E-92635CB3DA0D}.Debug|x86.Build.0 = Debug|Win32
		{317A4094-0AF8-47C9-932E-92635CB3DA0D}.Release|x64.ActiveCfg = Release|x64
		{317A4094-0AF8-47C9-932E-92635CB3DA0D}.Release|x64.Build.0 = Release|x64
		{317A4094-0AF8-47C9-932E-92635CB3DA0D}.Release|x86.ActiveCfg = Release|Win32
		{317A4094-0AF8-47C9-932E-92635CB3DA0D}.Release|x86.Build.0 = Release|Win32
		{81EC582B-4745-4539-B9A7-64AF429BD27F}.Debug|x64.ActiveCfg = Debug|x64
		{81EC582B-4745-4539-B9A7-64AF429BD27F}.Debug|x64.Build.0 = Debug|x64
		{81EC582B-4745-4539-B9A7-64AF429BD27F}.Debug|x86.ActiveCfg = Debug|Win32
		{81EC582B-4745-4539-B9A7-64AF429BD27F}.Debug|x86.Build.0 = Debug|Win32
		{81EC582B-4745-4539-B9A7-64AF429BD27F}.Release|x64.ActiveCfg = Release|x64
		{81EC582B-4745-4539-B9A7-64AF429BD27F}.Release|x64.Build.0 = Release|x64
		{81EC582B-4745-4539-B9A7-64AF429BD27F}.Release|x86.ActiveCfg = Release|Win32
		{81EC582B-4745-4539-B9A7-64AF429BD27F}.Release|x86.Build.0 = Release|Win32
		{0F4BAC41-0F6D-4AC2-AB16-ED904EAD9326}.Debug|x64.ActiveCfg = Debug|x64
		{0F4BAC41-0F6D-4AC2-AB16-ED904EAD9326}.Debug|x64.Build.0 = Debug|x64
		{0F4BAC41-0F6D-4AC2-AB16-ED904EAD9326}.Debug|x86.ActiveCfg = Debug|Win32
		{0F4BAC41-0F6D-4AC2-AB16-ED904EAD9326}.Debug|x86.Build.0 = Debug|Win32
		{0F4BAC41-0F6D-4AC2-AB16-ED904EAD9326}.Release|x64.ActiveCfg = Release|x64
		{0F4BAC41-0F6D-4AC2-AB16-ED904EAD9326}.Release|x64.Build.0 = Release|x64
		{0F4BAC41-0F6D-4AC2-AB16-ED904EAD9326}.Release|x86.ActiveCfg = Release|Win32
		{0F4BAC41-0F6D-4AC2-AB16-ED904EAD9326}.Release|x86.Build.0 = Release|Win32
		{15F811D5-C634-42E4-83CD-FD1C25FABAF6}.Debug|x64.ActiveCfg = Debug|x64
		{15F811D5-C634-42E4-83CD-FD1C25FABAF6}.Debug|x64.Build.0 = Debug|x64
		{15F811D5-C634-42E4-83CD-FD1C25FABAF6}.Debug|x86.ActiveCfg = Debug|Win32
		{15F811D5-C634-42E4-83CD-FD1C25FABAF6}.Debug|x86.Build.0 = Debug|Win32
		{15F811D5-C634-42E4-83CD-FD1C25FABAF6}.Release|x64.ActiveCfg = Release|x64
		{15F811D5-C634-42E4-83CD-FD1C25FABAF6}.Release|x64.Build.0 = Release|x64
		{15F811D5-C634-42E4-83CD-FD1C25FABAF6}.Release|x86.ActiveCfg = Release|Win32
		{15F811D5-C634-42E4-83CD-FD1C25FABAF6}.Release|x86.Build.0 = Release|Win32
		{15F6ECA9-EBB1-46A8-B3B3-118C7344DB94}.Debug|x64.ActiveCfg = Debug|x64
		{15F6ECA9-EBB1-46A8-B3B3-118C7344DB94}.Debug|x64.Build.0 = Debug|x64
		{15F6ECA9-EBB1-46A8-B3B3-118C7344DB94}.Debug|x86.ActiveCfg = Debug|Win32
		{15F6ECA9-EBB1-46A8-B3B3-118C7344DB94}.Debug|x86.Build.0 = Debug|Win32
		{15F6ECA9-EBB1-46A8-B3B3-118C7344DB94}.Release|x64.ActiveCfg = Release|x64
		{15F6ECA9-EBB1-46A8-B3B3-118C7344DB94}.Release|x64.Build.0 = Release|x64
		{15F6ECA9-EBB1-46A8-B3B3-118C7344DB94}.Release|x86.ActiveCfg = Release|Win32
		{15F6ECA9-EBB1-46A8-B3B3-118C7344DB94}.Release|x86.Build.0 = Release|Win32
		{235DEE95-A074-46F0-90C0-B5EBA66163C5}.Debug|x64.ActiveCfg = Debug|x64
		{235DEE95-A074-46F0-90C0-B5EBA66163C5}.Debug|x64.Build.0 = Debug|x64
		{235DEE95-A074-46F0-90C0-B5EBA66163C5}.Debug|x86.ActiveCfg = Debug|Win32
		{235DEE95-A074-46F0-90C0-B5EBA66163C5}.Debug|x86.Build.0 = Debug|Win32
		{235DEE95-A074-46F0-90C0-B5EBA66163C5}.Release|x64.ActiveCfg = Release|x64
		{235DEE95-A074-46F0-90C0-B5EBA66163C5}.Release|x64.Build.0 = Release|x64
		{235DEE95-A074-46F0-90C0-B5EBA66163C5}.Release|x86.ActiveCfg = Release|Win32
		{235DEE95-A074-46F0-90C0-B5EBA66163C5}.Release|x86.Build.0 = Release|Win32
		{F0A628B8-2C9E-4B38-AE67-52A65B293E24}.Debug|x64.ActiveCfg = Debug|x64
		{F0A628B8-2C9E-4B38-AE67-52A65B293E24}.Debug|x64.Build.0 = Debug|x64
		{F0A628B8-2C9E-4B38-AE67-52A65B293E24}.Debug|x86.ActiveCfg = Debug|Win32
		{F0A628B8-2C9E-4B38-AE67-52A65B293E24}.Debug|x86.Build.0 = Debug|Win32
		{F0A628B8-2C9E-4B38-AE67-52A65B293E24}.Release|x64.ActiveCfg = Release|x64
		{F0A628B8-2C9E-4B38-AE67-52A65B293E24}.Release|x64.Build.0 = Release|x64
		{F0A628B8-2C9E-4B38-AE67-52A65B293E24}.Release|x86.ActiveCfg = Release|Win32
		{F0A628B8-2C9E-4B38-AE67-52A65B293E24}.Release|x86.Build.0 = Release|Win32
		{CAEADE43-EE6A-46EB-8356-5D61EA3B4FF4}.Debug|x64.ActiveCfg = Debug|x64
		{CAEADE43-EE6A-46EB-8356-5D61EA3B4FF4}.Debug|x64.Build.0 = Debug|x64
		{CAEADE43-EE6A-46EB-8356-5D61EA3B4FF4}.Debug|x86.ActiveCfg = Debug|Win32
		{CAEADE43-EE6A-46EB-8356-5D61EA3B4FF4}.Debug|x86.Build.0 = Debug|Win32
		{CAEADE43-EE6A-46EB-8356-5D61EA3B4FF4}.Release|x64.ActiveCfg = Release|x64
		{CAEADE43-EE6A-46EB-8356-5D61EA3B4FF4}.Release|x64.Build.0 = Release|x64
		{CAEADE43-EE6A-46EB-8356-5D61EA3B4FF4}.Release|x86.ActiveCfg = Release|Win32
		{CAEADE43-EE6A-46EB-8356-5D61EA3B4FF4}.Release|x86.Build.0 = Release|Win32
		{F8F03D60-9B58-44D2-88C7-9AA54B7EDDCB}.Debug|x64.ActiveCfg = Debug|x64
		{F8F03D60-9B58-44D2-88C7-9AA54B7EDDCB}.Debug|x64.Build.0 = Debug|x64
		{F8F03D60-9B58-44D2-88C7-9AA54B7EDDCB}.Debug|x86.ActiveCfg = Debug|Win32
		{F8F03D60-9B58-44D2-88C7-9AA54B7EDDCB}.Debug|x86.Build.0 = Debug|Win32
		{F8F03D60-9B58-44D2-88C7-9AA54B7EDDCB}.Release|x64.ActiveCfg = Release|x64
		{F8F03D60-9B58-44D2-88C7-9AA54B7EDDCB}.Release|x64.Build.0 = Release|x64
		{F8F03D60-9B58-44D2-88C7-9AA54B7EDDCB}.Release|x86.ActiveCfg = Release|Win32
		{F8F03D60-9B58-44D2-88C7-9AA54B7EDDCB}.Release|x86.Build.0 = Release|Win32
		{8FBB53AD-92BE-4A50-871D-8531C748AFC3}.Debug|x64.ActiveCfg = Debug|x64
		{8FBB53AD-92BE-4A50-871D-8531C748AFC3}.Debug|x64.Build.0 = Debug|x64
		{8FBB53AD-92BE-4A50-871D-8531C748AFC3}.Debug|x86.ActiveCfg = Debug|Win32
		{8FBB53AD-92BE-4A50-871D-8531C748AFC3}.Debug|x86.Build.0 = Debug|Win32
		{8FBB53AD-92BE-4A50-871D-8531C748AFC3}.Release|x64.ActiveCfg = Release|x64
		{8FBB53AD-92BE-4A50-871D-8531C748AFC3}.Release|x64.Build.0 = Release|x64
		{8FBB53AD-92BE-4A50-871D-8531C748AFC3}.Release|x86.ActiveCfg = Release|Win32
		{8FBB53AD-92BE-4A50-871D-8531C748AFC3}.Release|x86.Build.0 = Release|Win32
		{48BB898E-31C5-4FD6-AAD3-516AB158606D}.Debug|x64.ActiveCfg = Debug|x64
		{48BB898E-31C5-4FD6-AAD3-516AB158606D}.Debug|x64.Build.0 = Debug|x64
		{48BB898E-31C5-4FD6-AAD3-516AB158606D}.Debug|x86.ActiveCfg = Debug|Win32
		{48BB898E-31C5-4FD6-AAD3-516AB158606D}.Debug|x86.Build.0 = Debug|Win32
		{48BB898E-31C5-4FD6-AAD3-516AB158606D}.Release|x64.ActiveCfg = Release|x64
		{48BB898E-31C5-4FD6-AAD3-516AB158606D}.Release|x64.Build.0 = Release|x64
		{48BB898E-31C5-4FD6-AAD3-516AB158606D}.Release|x86.ActiveCfg = Release|Win32
		{48BB898E-31C5-4FD6-AAD3-516AB158606D}.Release|x86.Build.0 = Release|Win32
		{FC5896C6-A996-4991-BC5F-BB0C6A2EE621}.Debug|x64.ActiveCfg = Debug|x64
		{FC5896C6-A996-4991-BC5F-BB0C6A2EE621}.Debug|x64.Build.0 = Debug|x64
		{FC5896C6-A996-4991-BC5F-BB0C6A2EE621}.Debug|x86.ActiveCfg = Debug|Win32
		{FC5896C6-A996-4991-BC5F-BB0C6A2EE621}.Debug|x86.Build.0 = Debug|Win32
		{FC5896C6-A996-4991-BC5F-BB0C6A2EE621}.Release|x64.ActiveCfg = Release|x64
		{FC5896C6-A996-4991-BC5F-BB0C6A2EE621}.Release|x64.Build.0 = Release|x64
		{FC5896C6-A996-4991-BC5F-BB0C6A2EE621}.Release|x86.ActiveCfg = Release|Win32
		{FC5896C6-A996-4991-BC5F-BB0C6A2EE621}.Release|x86.Build.0 = Release|Win32
		{4780E6E7-AE31-4FBB-841A-02686890CF36}.Debug|x64.ActiveCfg = Debug|x64
		{4780E6E7-AE31-4FBB-841A-02686890CF36}.Debug|x64.Build.0 = Debug|x64
		{4780E6E7-AE31-4FBB-841A-02686890CF36}.Debug|x86.ActiveCfg = Debug|Win32
		{4780E6E7-AE31-4FBB-841A-02686890CF36}.Debug|x86.Build.0 = Debug|Win32
		{4780E6E7-AE31-4FBB-841A-02686890CF36}.Release|x64.ActiveCfg = Release|x64
		{4780E6E7-AE31-4FBB-841A-02686890CF36}.Release|x64.Build.0 = Release|x64
		{4780E6E7-AE31-4FBB-841A-02686890CF36}.Release|x86.ActiveCfg = Release|Win32
		{4780E6E7-AE31-4FBB-841A-02686890CF36}.Release|x86.Build.0 = Release|Win32
		{2F8AC2D5-EBA3-4178-A787-28E205DBACE1}.Debug|x64.ActiveCfg = Debug|x64
		{2F8AC2D5-EBA3-4178-A787-28E205DBACE1}.Debug|x64.Build.0 = Debug|x64
		{2F8AC2D5-EBA3-4178-A787-28E205DBACE1}.Debug|x86.ActiveCfg = Debug|Win32
		{2F8AC2D5-EBA3-4178-A787-28E205DBACE1}.Debug|x86.Build.0 = Debug|Win32
		{2F8AC2D5-EBA3-4178-A787-28E205DBACE1}.Release|x64.ActiveCfg = Release|x64
		{2F8AC2D5-EBA3-4178-A787-28E205DBACE1}.Release|x64.Build.0 = Release|x64
		{2F8AC2D5-EBA3-4178-A787-28E205DBACE1}.Release|x86.ActiveCfg = Release|Win32
		{2F8AC2D5-EBA3-4178-A787-28E205DBACE1}.Release|x86.Build.0 = Release|Win32
		{DEA928A1-DF39-4991-8D68-0302C1E00E1F}.Debug|x64.ActiveCfg = Debug|x64
		{DEA928A1-DF39-4991-8D68-0302C1E00E1F}.Debug|x64.Build.0 = Debug|x64
		{DEA928A1-DF39-4991-8D68-0302C1E00E1F}.Debug|x86.ActiveCfg = Debug|Win32
		{DEA928A1-DF39-4991-8D68-0302C1E00E1F}.Debug|x86.Build.0 = Debug|Win32
		{DEA928A1-DF39-4991-8D68-0302C1E00E1F}.Release|x64.ActiveCfg = Release|x64
		{DEA928A1-DF39-4991-8D68-0302C1E00E1F}.Release|x64.Build.0 = Release|x64
		{DEA928A1-DF39-4991-8D68-0302C1E00E1F}.Release|x86.ActiveCfg = Release|Win32
		{DEA928A1-DF39-4991-8D68-0302C1E00E1F}.Release|x86.Build.0 = Release|Win32
		{16C780F9-1C45-4712-8732-FE5EA1136874}.Debug|x64.ActiveCfg = Debug|x64
		{16C780F9-1C45-4712-8732-FE5EA1136874}.Debug|x64.Build.0 = Debug|x64
		{16C780F9-1C45-4712-8732-FE5EA1136874}.Debug|x86.ActiveCfg = Debug|Win32
		{16C780F9-1C45-4712-8732-FE5EA1136874}.Debug|x86.Build.0 = Debug|Win32
		{16C780F9-1C45-4712-8732-FE5EA1136874}.Release|x64.ActiveCfg = Release|x64
		{16C780F9-1C45-4712-8732-FE5EA1136874}.Release|x64.Build.0 = Release|x64
		{16C780F9-1C45-4712-8732-FE5EA1136874}.Release|x86.ActiveCfg = Release|Win32
		{16C780F9-1C45-4712-8732-FE5EA1136874}.Release|x86.Build.0 = Release|Win32
		{B5FB69B0-316D-4E3A-B18C-8D8751E83137}.Debug|x64.ActiveCfg = Debug|x64
		{B5FB69B0-316D-4E3A-B18C-8D8751E83137}.Debug|x64.Build.0 = Debug|x64
		{B5FB69B0-316D-4E3A-B18C-8D8751E83137}.Debug|x86.ActiveCfg = Debug|Win32
		{B5FB69B0-316D-4E3A-B18C-8D8751E83137}.Debug|x86.Build.0 = Debug|Win32
		{B5FB69B0-316D-4E3A-B18C-8D8751E83137}.Release|x64.ActiveCfg = Release|x64
		{B5FB69B0-316D-4E3A-B18C-8D8751E83137}.Release|x64.Build.0 = Release|x64
		{B5FB69B0-316D-4E3A-B18C-8D8751E83137}.Release|x86.ActiveCfg = Release|Win32
		{B5FB69B0-316D-4E3A-B18C-8D8751E83137}.Release|x86.Build.0 = Release|Win32
		{E34E89D3-1644-41FF-97B6-6A13DA659808}.Debug|x64.ActiveCfg = Debug|x64
		{E34E89D3-1644-41FF-97B6-6A13DA659808}.Debug|x64.Build.0 = Debug|x64
		{E34E89D3-1644-41FF-97B6-6A13DA659808}.Debug|x86.ActiveCfg = Debug|Win32
		{E34E89D3-1644-41FF-97B6-6A13DA659808}.Debug|x86.Build.0 = Debug|Win32
		{E34E89D3-1644-41FF-97B6-6A13DA659808}.Release|x64.ActiveCfg = Release|x64
		{E34E89D3-1644-41FF-97B6-6A13DA659808}.Release|x64.Build.0 = Release|x64
		{E34E89D3-1644-41FF-97B6-6A13DA659808}.Release|x86.ActiveCfg = Release|Win32
		{E34E89D3-1644-41FF-97B6-6A13DA659808}.Release|x86.Build.0 = Release|Win32
		{88CBE516-C16A-4881-9DFA-572766D160EC}.Debug|x64.ActiveCfg = Debug|x64
		{88CBE516-C16A-4881-9DFA-572766D160EC}.Debug|x64.Build.0 = Debug|x64
		{88CBE516-C16A-4881-9DFA-572766D160EC}.Debug|x86.ActiveCfg = Debug|Win32
		{88CBE516-C16A-4881-9DFA-572766D160EC}.Debug|x86.Build.0 = Debug|Win32
		{88CBE516-C16A-4881-9DFA-572766D160EC}.Release|x64.ActiveCfg = Release|x64
		{88CBE516-C16A-4881-9DFA-572766D160EC}.Release|x64.Build.0 = Release|x64
		{88CBE516-C16A-4881-9DFA-572766D160EC}.Release|x86.ActiveCfg = Release|Win32
		{88CBE516-C16A-4881-9DFA-572766D160EC}.Release|x86.Build.0 = Release|Win32
		{3AF024F9-C1CA-4AA1-968D-9714BD1DF596}.Debug|x64.ActiveCfg = Debug|x64
		{3AF024F9-C1CA-4AA1-968D-9714BD1DF596}.Debug|x64.Build.0 = Debug|x64
		{3AF024F9-C1CA-4AA1-968D-9714BD1DF596}.Debug|x86.ActiveCfg = Debug|Win32
		{3AF024F9-C1CA-4AA1-968D-9714BD1DF596}.Debug|x86.Build.0 = Debug|Win32
		{3AF024F9-C1CA-4AA1-968D-9714BD1DF596}.Release|x64.ActiveCfg = Release|x64
		{3AF024F9-C1CA-4AA1-968D-9714BD1DF596}.Release|x64.Build.0 = Release|x64
		{3AF024F9-C1CA-4AA1-968D-9714BD1DF596}.Release|x86.ActiveCfg = Release|Win32
		{3AF024F9-C1CA-4AA1-968D-9714BD1DF596}.Release|x86.Build.0 = Release|Win32
		{13B54081-FE4C-47A6-A47C-F74ACAFD353E}.Debug|x64.ActiveCfg = Debug|x64
		{13B54081-FE4C-47A6-A47C-F74ACAFD353E}.Debug|x64.Build.0 = Debug|x64
		{13B54081-FE4C-47A6-A47C-F74ACAFD353E}.Debug|x86.ActiveCfg = Debug|Win32
		{13B54081-FE4C-47A6-A47C-F74ACAFD353E}.Debug|x86.Build.0 = Debug|Win32
		{13B54081-FE4C-47A6-A47C-F74ACAFD353E}.Release|x64.ActiveCfg = Release|x64
		{13B54081-FE4C-47A6-A47C-F74ACAFD353E}.Release|x64.Build.0 = Release|x64
		{13B54081-FE4C-47A6-A47C-F74ACAFD353E}.Release|x86.ActiveCfg = Release|Win32
		{13B54081-FE4C-47A6-A47C-F74ACAFD353E}.Release|x86.Build.0 = Release|Win32
		{C497D788-C863-47EA-A2C8-53CBDC97A174}.Debug|x64.ActiveCfg = Debug|x64
		{C497D788-C863-47EA-A2C8-53CBDC97A174}.Debug|x64.Build.0 = Debug|x64
		{C497D788-C863-47EA-A2C8-53CBDC97A174}.Debug|x86.ActiveCfg = Debug|Win32
		{C497D788-C863-47EA-A2C8-53CBDC97A174}.Debug|x86.Build.0 = Debug|Win32
		{C497D788-C863-47EA-A2C8-53CBDC97A174}.Release|x64.ActiveCfg = Release|x64
		{C497D788-C863-47EA-A2C8-53CBDC97A174}.Release|x64.Build.0 = Release|x64
		{C497D788-C863-47EA-A2C8-53CBDC97A174}.Release|x86.ActiveCfg = Release|Win32
		{C497D788-C863-47EA-A2C8-53CBDC97A174}.Release|x86.Build.0 = Release|Win32
		{ACF41FF8-5B3A-40D2-8059-2EB50F19B83B}.Debug|x64.ActiveCfg = Debug|x64
		{ACF41FF8-5B3A-40D2-8059-2EB50F19B83B}.Debug|x64.Build.0 = Debug|x64
		{ACF41FF8-5B3A-40D2-8059-2EB50F19B83B}.Debug|x86.ActiveCfg = Debug|Win32
		{ACF41FF8-5B3A-40D2-8059-2EB50F19B83B}.Debug|x86.Build.0 = Debug|Win32
		{ACF41FF8-5B3A-40D2-8059-2EB50F19B83B}.Release|x64.ActiveCfg = Release|x64
		{ACF41FF8-5B3A-40D2-8059-2EB50F19B83B}.Release|x64.Build.0 = Release|x64
		{ACF41FF8-5B3A-40D2-8059-2EB50F19B83B}.Release|x86.ActiveCfg = Release|Win32
		{ACF41FF8-5B3A-40D2-8059-2EB50F19B83B}.Release|x86.Build.0 = Release|Win32
		{0C8DEA03-A7DA-463F-89E9-2866F775BA9F}.Debug|x64.ActiveCfg = Debug|x64
		{0C8DEA03-A7DA-463F-89E9-2866F775BA9F}.Debug|x64.Build.0 = Debug|x64
		{0C8DEA03-A7DA-463F-89E9-2866F775BA9F}.Debug|x86.ActiveCfg = Debug|Win32
		{0C8DEA03-A7DA-463F-89E9-2866F775BA9F}.Debug|x86.Build.0 = Debug|Win32
		{0C8DEA03-A7DA-463F-89E9-2866F775BA9F}.Release|x64.ActiveCfg = Release|x64
		{0C8DEA03-A7DA-463F-89E9-2866F775BA9F}.Release|x64.Build.0 = Release|x64
		{0C8DEA03-A7DA-463F-89E9-2866F775BA9F}.Release|x86.ActiveCfg = Release|Win32
		{0C8DEA03-A7DA-463F-89E9-2866F775BA9F}.Release|x86.Build.0 = Release|Win32
		{8BE0F9FC-C6A6-47BA-A5ED-12DDDAB66E6B}.Debug|x64.ActiveCfg = Debug|x64
		{8BE0F9FC-C6A6-47BA-A5ED-12DDDAB66E6B}.Debug|x64.Build.0 = Debug|x64
		{8BE0F9FC-C6A6-47BA-A5ED-12DDDAB66E6B}.Debug|x86.ActiveCfg = Debug|Win32
		{8BE0F9FC-C6A6-47BA-A5ED-12DDDAB66E6B}.Debug|x86.Build.0 = Debug|Win32
		{8BE0F9FC-C6A6-47BA-A5ED-12DDDAB66E6B}.Release|x64.ActiveCfg = Release|x64
		{8BE0F9FC-C6A6-47BA-A5ED-12DDDAB66E6B}.Release|x64.Build.0 = Release|x64
		{8BE0F9FC-C6A6-47BA-A5ED-12DDDAB66E6B}.Release|x86.ActiveCfg = Release|Win32
		{8BE0F9FC-C6A6-47BA-A5ED-12DDDAB66E6B}.Release|x86.Build.0 = Release|Win32
		{DFFE1DCB-CD0A-44E1-9127-DD4EBD74C4C7}.Debug|x64.ActiveCfg = Debug|x64
		{DFFE1DCB-CD0A-44E1-9127-DD4EBD74C4C7}.Debug|x64.Build.0 = Debug|x64
		{DFFE1DCB-CD0A-44E1-9127-DD4EBD74C4C7}.Debug|x86.ActiveCfg = Debug|Win32
		{DFFE1DCB-CD0A-44E1-9127-DD4EBD74C4C7}.Debug|x86.Build.0 = Debug|Win32
		{DFFE1DCB-CD0A-44E1-9127-DD4EBD74C4C7}.Release|x64.ActiveCfg = Release|x64
		{DFFE1DCB-CD0A-44E1-9127-DD4EBD74C4C7}.Release|x64.Build.0 = Release|x64
		{DFFE1DCB-CD0A-44E1-9127-DD4EBD74C4C7}.Release|x86.ActiveCfg = Release|Win32
		{DFFE1DCB-CD0A-44E1-9127-DD4EBD74C4C7}.Release|x86.Build.0 = Release|Win32
	EndGlobalSection
	GlobalSection(SolutionProperties) = preSolution
		HideSolutionNode = FALSE
	EndGlobalSection
	GlobalSection(NestedProjects) = preSolution
		{E7D31CFF-678C-44D1-927F-CFB44609E8C9} = {08E7F1F6-BEBB-4F99-9F9B-19173C10EA8A}
		{2F69596A-15BB-4FF3-AC93-453E7B9272D7} = {08E7F1F6-BEBB-4F99-9F9B-19173C10EA8A}
		{32767C17-664B-4A42-AD03-D7F393CFCDDC} = {08E7F1F6-BEBB-4F99-9F9B-19173C10EA8A}
		{9461C89F-228B-4DE2-8436-F8D7386184E2} = {08E7F1F6-BEBB-4F99-9F9B-19173C10EA8A}
		{DAF8B6A1-7858-4FB1-8BF3-0DA2EE0C7ADE} = {08E7F1F6-BEBB-4F99-9F9B-19173C10EA8A}
		{338B2D78-FCD1-4F4F-824E-DBCD73BA9839} = {08E7F1F6-BEBB-4F99-9F9B-19173C10EA8A}
		{B8572296-9A5B-498A-B64D-72B91DB710FE} = {0FBAEAF8-70E9-4841-B7AA-F19867B03FA9}
		{0363C4CD-5B26-42BA-AA11-17A16E92C44A} = {F20FF850-2885-44C8-87FB-B4CF046E8B3E}
		{0EB74ABA-B11B-4AD6-AB24-ACDFB5FDE810} = {0FBAEAF8-70E9-4841-B7AA-F19867B03FA9}
		{857EA431-FC60-43C4-9742-465EECB611B3} = {F20FF850-2885-44C8-87FB-B4CF046E8B3E}
		{F6EFC453-9864-45C4-AF43-317FD2E74D31} = {F20FF850-2885-44C8-87FB-B4CF046E8B3E}
		{72E28593-ECF0-4365-9816-35390EE7096B} = {F20FF850-2885-44C8-87FB-B4CF046E8B3E}
		{54FD480A-4B76-4DF0-B878-AA0E05333D84} = {F20FF850-2885-44C8-87FB-B4CF046E8B3E}
		{C1952A55-D912-4ECC-9D93-7A56F8A027C3} = {A3B7B146-B9A5-4B43-9A61-6A1DF76AD943}
		{C6175745-BA45-469F-B682-E531CDCE709B} = {F20FF850-2885-44C8-87FB-B4CF046E8B3E}
		{94CF7BB4-FF2A-4E4B-955C-E8CA215015F6} = {F20FF850-2885-44C8-87FB-B4CF046E8B3E}
		{317A4094-0AF8-47C9-932E-92635CB3DA0D} = {F20FF850-2885-44C8-87FB-B4CF046E8B3E}
		{81EC582B-4745-4539-B9A7-64AF429BD27F} = {F20FF850-2885-44C8-87FB-B4CF046E8B3E}
		{0F4BAC41-0F6D-4AC2-AB16-ED904EAD9326} = {08E7F1F6-BEBB-4F99-9F9B-19173C10EA8A}
		{A3B7B146-B9A5-4B43-9A61-6A1DF76AD943} = {591ED3A5-18FF-4A88-82A3-6F06A11177E0}
		{15F811D5-C634-42E4-83CD-FD1C25FABAF6} = {F20FF850-2885-44C8-87FB-B4CF046E8B3E}
		{15F6ECA9-EBB1-46A8-B3B3-118C7344DB94} = {F20FF850-2885-44C8-87FB-B4CF046E8B3E}
		{235DEE95-A074-46F0-90C0-B5EBA66163C5} = {F20FF850-2885-44C8-87FB-B4CF046E8B3E}
		{F0A628B8-2C9E-4B38-AE67-52A65B293E24} = {F20FF850-2885-44C8-87FB-B4CF046E8B3E}
		{CAEADE43-EE6A-46EB-8356-5D61EA3B4FF4} = {F20FF850-2885-44C8-87FB-B4CF046E8B3E}
		{F8F03D60-9B58-44D2-88C7-9AA54B7EDDCB} = {0FBAEAF8-70E9-4841-B7AA-F19867B03FA9}
		{8FBB53AD-92BE-4A50-871D-8531C748AFC3} = {F20FF850-2885-44C8-87FB-B4CF046E8B3E}
		{553F9DA1-FBC2-40E4-83D0-A0F8D82166F1} = {591ED3A5-18FF-4A88-82A3-6F06A11177E0}
		{48BB898E-31C5-4FD6-AAD3-516AB158606D} = {553F9DA1-FBC2-40E4-83D0-A0F8D82166F1}
		{F20FF850-2885-44C8-87FB-B4CF046E8B3E} = {591ED3A5-18FF-4A88-82A3-6F06A11177E0}
		{2D1E4299-9660-4076-BB0F-0184F1219E62} = {591ED3A5-18FF-4A88-82A3-6F06A11177E0}
		{FC5896C6-A996-4991-BC5F-BB0C6A2EE621} = {A3B7B146-B9A5-4B43-9A61-6A1DF76AD943}
		{4780E6E7-AE31-4FBB-841A-02686890CF36} = {2D1E4299-9660-4076-BB0F-0184F1219E62}
		{2F8AC2D5-EBA3-4178-A787-28E205DBACE1} = {2D1E4299-9660-4076-BB0F-0184F1219E62}
		{DEA928A1-DF39-4991-8D68-0302C1E00E1F} = {2D1E4299-9660-4076-BB0F-0184F1219E62}
		{16C780F9-1C45-4712-8732-FE5EA1136874} = {2D1E4299-9660-4076-BB0F-0184F1219E62}
		{B5FB69B0-316D-4E3A-B18C-8D8751E83137} = {2D1E4299-9660-4076-BB0F-0184F1219E62}
		{E34E89D3-1644-41FF-97B6-6A13DA659808} = {08E7F1F6-BEBB-4F99-9F9B-19173C10EA8A}
		{88CBE516-C16A-4881-9DFA-572766D160EC} = {08E7F1F6-BEBB-4F99-9F9B-19173C10EA8A}
		{3AF024F9-C1CA-4AA1-968D-9714BD1DF596} = {2D1E4299-9660-4076-BB0F-0184F1219E62}
		{13B54081-FE4C-47A6-A47C-F74ACAFD353E} = {08E7F1F6-BEBB-4F99-9F9B-19173C10EA8A}
		{C497D788-C863-47EA-A2C8-53CBDC97A174} = {2D1E4299-9660-4076-BB0F-0184F1219E62}
		{ACF41FF8-5B3A-40D2-8059-2EB50F19B83B} = {2D1E4299-9660-4076-BB0F-0184F1219E62}
		{0C8DEA03-A7DA-463F-89E9-2866F775BA9F} = {2D1E4299-9660-4076-BB0F-0184F1219E62}
		{8BE0F9FC-C6A6-47BA-A5ED-12DDDAB66E6B} = {2D1E4299-9660-4076-BB0F-0184F1219E62}
		{DFFE1DCB-CD0A-44E1-9127-DD4EBD74C4C7} = {2D1E4299-9660-4076-BB0F-0184F1219E62}
	EndGlobalSection
	GlobalSection(ExtensibilityGlobals) = postSolution
		SolutionGuid = {810FB4FF-3576-435C-921E-8A722C0395A7}
	EndGlobalSection
EndGlobal
